
Microsoft Visual Studio Solution File, Format Version 12.00
# Visual Studio Version 17
VisualStudioVersion = 17.4.33213.308
MinimumVisualStudioVersion = 10.0.40219.1
Project("{FAE04EC0-301F-11D3-BF4B-00C04F79EFBC}") = "assignment1Q1", "assignment1Q1\assignment1Q1.csproj", "{B3501A41-89FF-47FE-B687-772020221BB5}"
EndProject
Global
	GlobalSection(SolutionConfigurationPlatforms) = preSolution
		Debug|Any CPU = Debug|Any CPU
		Release|Any CPU = Release|Any CPU
	EndGlobalSection
	GlobalSection(ProjectConfigurationPlatforms) = postSolution
		{B3501A41-89FF-47FE-B687-772020221BB5}.Debug|Any CPU.ActiveCfg = Debug|Any CPU
		{B3501A41-89FF-47FE-B687-772020221BB5}.Debug|Any CPU.Build.0 = Debug|Any CPU
		{B3501A41-89FF-47FE-B687-772020221BB5}.Release|Any CPU.ActiveCfg = Release|Any CPU
		{B3501A41-89FF-47FE-B687-772020221BB5}.Release|Any CPU.Build.0 = Release|Any CPU
	EndGlobalSection
	GlobalSection(SolutionProperties) = preSolution
		HideSolutionNode = FALSE
	EndGlobalSection
	GlobalSection(ExtensibilityGlobals) = postSolution
		SolutionGuid = {15FCEDAD-EA22-4D2B-BADB-C2CB585941EF}
	EndGlobalSection
EndGlobal
