
Microsoft Visual Studio Solution File, Format Version 12.00
# Visual Studio Version 17
VisualStudioVersion = 17.4.33213.308
MinimumVisualStudioVersion = 10.0.40219.1
Project("{FAE04EC0-301F-11D3-BF4B-00C04F79EFBC}") = "assignmentQ5", "assignmentQ5\assignmentQ5.csproj", "{31CD8F70-6EB4-4DA5-AB5E-A8707B96AAED}"
EndProject
Global
	GlobalSection(SolutionConfigurationPlatforms) = preSolution
		Debug|Any CPU = Debug|Any CPU
		Release|Any CPU = Release|Any CPU
	EndGlobalSection
	GlobalSection(ProjectConfigurationPlatforms) = postSolution
		{31CD8F70-6EB4-4DA5-AB5E-A8707B96AAED}.Debug|Any CPU.ActiveCfg = Debug|Any CPU
		{31CD8F70-6EB4-4DA5-AB5E-A8707B96AAED}.Debug|Any CPU.Build.0 = Debug|Any CPU
		{31CD8F70-6EB4-4DA5-AB5E-A8707B96AAED}.Release|Any CPU.ActiveCfg = Release|Any CPU
		{31CD8F70-6EB4-4DA5-AB5E-A8707B96AAED}.Release|Any CPU.Build.0 = Release|Any CPU
	EndGlobalSection
	GlobalSection(SolutionProperties) = preSolution
		HideSolutionNode = FALSE
	EndGlobalSection
	GlobalSection(ExtensibilityGlobals) = postSolution
		SolutionGuid = {B4710042-F78D-418D-8DB8-AB236438DDC5}
	EndGlobalSection
EndGlobal
